
Microsoft Visual Studio Solution File, Format Version 12.00
# Visual Studio Version 17
VisualStudioVersion = 17.13.35716.79
MinimumVisualStudioVersion = 10.0.40219.1
Project("{FAE04EC0-301F-11D3-BF4B-00C04F79EFBC}") = "01_MainSubject", "01_MainSubject\01_MainSubject.csproj", "{C9CCC1DE-E512-4F3F-9FB1-D1770F8769E2}"
EndProject
Project("{FAE04EC0-301F-11D3-BF4B-00C04F79EFBC}") = "02_Variables", "Ders_2\02_Variables.csproj", "{547D2571-D119-4ECE-9617-4734962BCCD1}"
EndProject
Project("{FAE04EC0-301F-11D3-BF4B-00C04F79EFBC}") = "03_MakingDecision", "03_MakingDecision\03_MakingDecision.csproj", "{92B7FCF3-815C-43BD-B04A-038F4966BCB3}"
EndProject
Project("{FAE04EC0-301F-11D3-BF4B-00C04F79EFBC}") = "04_Donguler", "04_Donguler\04_Donguler.csproj", "{BCD9B06E-9772-4CA8-9D5B-734A326B0D8F}"
EndProject
Project("{FAE04EC0-301F-11D3-BF4B-00C04F79EFBC}") = "05_LoopWithStars", "05_LoopWithStars\05_LoopWithStars.csproj", "{DD2848CF-30AA-4696-88DB-5EC33DF9D4DE}"
EndProject
Project("{FAE04EC0-301F-11D3-BF4B-00C04F79EFBC}") = "06_Arrays", "06_Arrays\06_Arrays.csproj", "{12C09849-1C26-45F9-98F5-EFBB21F861DD}"
EndProject
Project("{FAE04EC0-301F-11D3-BF4B-00C04F79EFBC}") = "07_ForeachLoops", "07_ForeachLoops\07_ForeachLoops.csproj", "{88DC93DF-F5E1-4DCF-AE4A-5E2DFFC5B1F5}"
EndProject
Project("{FAE04EC0-301F-11D3-BF4B-00C04F79EFBC}") = "08_Methods", "08_Methods\08_Methods.csproj", "{E75A0B74-AC3E-44BB-BDDC-74EF9CD7BD49}"
EndProject
Project("{FAE04EC0-301F-11D3-BF4B-00C04F79EFBC}") = "09_DatabaseProject", "09_DatabaseProject\09_DatabaseProject.csproj", "{F5DCB336-FEA8-42D8-B8FF-F27B2FB016E1}"
EndProject
Global
	GlobalSection(SolutionConfigurationPlatforms) = preSolution
		Debug|Any CPU = Debug|Any CPU
		Release|Any CPU = Release|Any CPU
	EndGlobalSection
	GlobalSection(ProjectConfigurationPlatforms) = postSolution
		{C9CCC1DE-E512-4F3F-9FB1-D1770F8769E2}.Debug|Any CPU.ActiveCfg = Debug|Any CPU
		{C9CCC1DE-E512-4F3F-9FB1-D1770F8769E2}.Debug|Any CPU.Build.0 = Debug|Any CPU
		{C9CCC1DE-E512-4F3F-9FB1-D1770F8769E2}.Release|Any CPU.ActiveCfg = Release|Any CPU
		{C9CCC1DE-E512-4F3F-9FB1-D1770F8769E2}.Release|Any CPU.Build.0 = Release|Any CPU
		{547D2571-D119-4ECE-9617-4734962BCCD1}.Debug|Any CPU.ActiveCfg = Debug|Any CPU
		{547D2571-D119-4ECE-9617-4734962BCCD1}.Debug|Any CPU.Build.0 = Debug|Any CPU
		{547D2571-D119-4ECE-9617-4734962BCCD1}.Release|Any CPU.ActiveCfg = Release|Any CPU
		{547D2571-D119-4ECE-9617-4734962BCCD1}.Release|Any CPU.Build.0 = Release|Any CPU
		{92B7FCF3-815C-43BD-B04A-038F4966BCB3}.Debug|Any CPU.ActiveCfg = Debug|Any CPU
		{92B7FCF3-815C-43BD-B04A-038F4966BCB3}.Debug|Any CPU.Build.0 = Debug|Any CPU
		{92B7FCF3-815C-43BD-B04A-038F4966BCB3}.Release|Any CPU.ActiveCfg = Release|Any CPU
		{92B7FCF3-815C-43BD-B04A-038F4966BCB3}.Release|Any CPU.Build.0 = Release|Any CPU
		{BCD9B06E-9772-4CA8-9D5B-734A326B0D8F}.Debug|Any CPU.ActiveCfg = Debug|Any CPU
		{BCD9B06E-9772-4CA8-9D5B-734A326B0D8F}.Debug|Any CPU.Build.0 = Debug|Any CPU
		{BCD9B06E-9772-4CA8-9D5B-734A326B0D8F}.Release|Any CPU.ActiveCfg = Release|Any CPU
		{BCD9B06E-9772-4CA8-9D5B-734A326B0D8F}.Release|Any CPU.Build.0 = Release|Any CPU
		{DD2848CF-30AA-4696-88DB-5EC33DF9D4DE}.Debug|Any CPU.ActiveCfg = Debug|Any CPU
		{DD2848CF-30AA-4696-88DB-5EC33DF9D4DE}.Debug|Any CPU.Build.0 = Debug|Any CPU
		{DD2848CF-30AA-4696-88DB-5EC33DF9D4DE}.Release|Any CPU.ActiveCfg = Release|Any CPU
		{DD2848CF-30AA-4696-88DB-5EC33DF9D4DE}.Release|Any CPU.Build.0 = Release|Any CPU
		{12C09849-1C26-45F9-98F5-EFBB21F861DD}.Debug|Any CPU.ActiveCfg = Debug|Any CPU
		{12C09849-1C26-45F9-98F5-EFBB21F861DD}.Debug|Any CPU.Build.0 = Debug|Any CPU
		{12C09849-1C26-45F9-98F5-EFBB21F861DD}.Release|Any CPU.ActiveCfg = Release|Any CPU
		{12C09849-1C26-45F9-98F5-EFBB21F861DD}.Release|Any CPU.Build.0 = Release|Any CPU
		{88DC93DF-F5E1-4DCF-AE4A-5E2DFFC5B1F5}.Debug|Any CPU.ActiveCfg = Debug|Any CPU
		{88DC93DF-F5E1-4DCF-AE4A-5E2DFFC5B1F5}.Debug|Any CPU.Build.0 = Debug|Any CPU
		{88DC93DF-F5E1-4DCF-AE4A-5E2DFFC5B1F5}.Release|Any CPU.ActiveCfg = Release|Any CPU
		{88DC93DF-F5E1-4DCF-AE4A-5E2DFFC5B1F5}.Release|Any CPU.Build.0 = Release|Any CPU
		{E75A0B74-AC3E-44BB-BDDC-74EF9CD7BD49}.Debug|Any CPU.ActiveCfg = Debug|Any CPU
		{E75A0B74-AC3E-44BB-BDDC-74EF9CD7BD49}.Debug|Any CPU.Build.0 = Debug|Any CPU
		{E75A0B74-AC3E-44BB-BDDC-74EF9CD7BD49}.Release|Any CPU.ActiveCfg = Release|Any CPU
		{E75A0B74-AC3E-44BB-BDDC-74EF9CD7BD49}.Release|Any CPU.Build.0 = Release|Any CPU
		{F5DCB336-FEA8-42D8-B8FF-F27B2FB016E1}.Debug|Any CPU.ActiveCfg = Debug|Any CPU
		{F5DCB336-FEA8-42D8-B8FF-F27B2FB016E1}.Debug|Any CPU.Build.0 = Debug|Any CPU
		{F5DCB336-FEA8-42D8-B8FF-F27B2FB016E1}.Release|Any CPU.ActiveCfg = Release|Any CPU
		{F5DCB336-FEA8-42D8-B8FF-F27B2FB016E1}.Release|Any CPU.Build.0 = Release|Any CPU
	EndGlobalSection
	GlobalSection(SolutionProperties) = preSolution
		HideSolutionNode = FALSE
	EndGlobalSection
	GlobalSection(ExtensibilityGlobals) = postSolution
		SolutionGuid = {D7D975E9-A645-4C74-AF61-266399BFDD80}
	EndGlobalSection
EndGlobal
